schema: '2.0'
stages:
  data_ingestion:
    cmd: python src/data/data_ingestion.py
    deps:
    - path: src/data/data_ingestion.py
      hash: md5
      md5: 083e2334b2668f160f355f033aa0b555
      size: 3127
    params:
      params.yaml:
        data_ingestion.test_size: 0.2
    outs:
    - path: data/raw
      hash: md5
      md5: 2372947ac1d4eee8aa9b2ac468c44221.dir
      size: 943794
      nfiles: 2
  data_preprocessing:
    cmd: python -m src.data.data_preprocessing
    deps:
    - path: data/raw
      hash: md5
      md5: 2372947ac1d4eee8aa9b2ac468c44221.dir
      size: 943794
      nfiles: 2
    - path: src/data/data_preprocessing.py
      hash: md5
      md5: cb6f25aa79542ef47092d7a3df16f387
      size: 3358
    - path: src/preprocessing/text_preprocessor.py
      hash: md5
      md5: 7bd2bbbeeeb36cb98e6de63933a64bd1
      size: 2175
    outs:
    - path: data/interim
      hash: md5
      md5: ec8e72a45cb827b7294d4b3dd67b23d4.dir
      size: 685709
      nfiles: 2
  feature_engineering:
    cmd: python -m src.features.feature_engineering
    deps:
    - path: data/interim
      hash: md5
      md5: ec8e72a45cb827b7294d4b3dd67b23d4.dir
      size: 685709
      nfiles: 2
    - path: src/config/config_loader.py
      hash: md5
      md5: 71d8edb8e8b1d379ec5c3cde20cb8762
      size: 2033
    - path: src/features/feature_engineering.py
      hash: md5
      md5: 499a15b9f1992eeec4e2d68a7bcccf29
      size: 5080
    - path: src/features/vectorizer_factory.py
      hash: md5
      md5: c9a00e53eb0bd618407702a439d4e349
      size: 807
    params:
      params.yaml:
        feature_engineering.lowercase: true
        feature_engineering.max_features: 7500
        feature_engineering.ngram_range:
        - 1
        - 2
        feature_engineering.stop_words:
        feature_engineering.vectorizer: tfidf
    outs:
    - path: artifacts/vectorizer.pkl
      hash: md5
      md5: ac44de89a2d4f5190482ce4ea0d1adfe
      size: 252163
    - path: data/processed
      hash: md5
      md5: 0a3ea68a577d8883f54ebb40d115db7b.dir
      size: 312572301
      nfiles: 2
  model_building:
    cmd: python -m src.model.model_building
    deps:
    - path: data/processed
      hash: md5
      md5: 0a3ea68a577d8883f54ebb40d115db7b.dir
      size: 312572301
      nfiles: 2
    - path: src/config/config_loader.py
      hash: md5
      md5: 71d8edb8e8b1d379ec5c3cde20cb8762
      size: 2033
    - path: src/model/model_building.py
      hash: md5
      md5: fb9e1f9af7cf0f5e19e333b0612d75d4
      size: 4067
    - path: src/model/model_factory.py
      hash: md5
      md5: 3a4915f2958f97099036b7bd1b7859fa
      size: 3014
    params:
      params.yaml:
        model.algorithm: logistic_regression
        model.logistic_regression.C: 2.8237835283342347
        model.logistic_regression.max_iter: 1000
        model.logistic_regression.penalty: l2
        model.logistic_regression.solver: lbfgs
    outs:
    - path: artifacts/model.pkl
      hash: md5
      md5: 815482e514ca5a2336878316a2c5972d
      size: 60720
  model_evaluation:
    cmd: python -m src.model.model_evaluation
    deps:
    - path: artifacts/model.pkl
      hash: md5
      md5: 815482e514ca5a2336878316a2c5972d
      size: 60720
    - path: data/processed
      hash: md5
      md5: 0a3ea68a577d8883f54ebb40d115db7b.dir
      size: 312572301
      nfiles: 2
    - path: src/config/config_loader.py
      hash: md5
      md5: 71d8edb8e8b1d379ec5c3cde20cb8762
      size: 2033
    - path: src/model/model_evaluation.py
      hash: md5
      md5: 6cd784b22ea16ec4627dd94d97472d18
      size: 8835
    params:
      params.yaml:
        feature_engineering.lowercase: true
        feature_engineering.max_features: 7500
        feature_engineering.ngram_range:
        - 1
        - 2
        feature_engineering.stop_words:
        feature_engineering.vectorizer: tfidf
        model.algorithm: logistic_regression
    outs:
    - path: artifacts/run_info.json
      hash: md5
      md5: 787dd1b224a23366fe6c3897eda1f74e
      size: 215
    - path: reports/metrics.json
      hash: md5
      md5: 0c6caada8a18043526130e5a84f733f6
      size: 150
  model_register:
    cmd: python -m src.model.model_register
    deps:
    - path: artifacts/run_info.json
      hash: md5
      md5: 787dd1b224a23366fe6c3897eda1f74e
      size: 215
    - path: src/model/model_register.py
      hash: md5
      md5: 88fa76f23f0dd0b197b2276918cec04f
      size: 8522
